
Microsoft Visual Studio Solution File, Format Version 12.00
# Visual Studio Version 16
VisualStudioVersion = 16.0.30011.22
MinimumVisualStudioVersion = 10.0.40219.1
Project("{F184B08F-C81C-45F6-A57F-5ABD9991F28F}") = "GetPreOrderField", "GetPreOrderField\GetPreOrderField.vbproj", "{C4DA3117-5C07-4512-BF0F-BCAA41DA27C1}"
EndProject
Global
	GlobalSection(SolutionConfigurationPlatforms) = preSolution
		Debug|Any CPU = Debug|Any CPU
		Release|Any CPU = Release|Any CPU
	EndGlobalSection
	GlobalSection(ProjectConfigurationPlatforms) = postSolution
		{C4DA3117-5C07-4512-BF0F-BCAA41DA27C1}.Debug|Any CPU.ActiveCfg = Debug|Any CPU
		{C4DA3117-5C07-4512-BF0F-BCAA41DA27C1}.Debug|Any CPU.Build.0 = Debug|Any CPU
		{C4DA3117-5C07-4512-BF0F-BCAA41DA27C1}.Release|Any CPU.ActiveCfg = Release|Any CPU
		{C4DA3117-5C07-4512-BF0F-BCAA41DA27C1}.Release|Any CPU.Build.0 = Release|Any CPU
	EndGlobalSection
	GlobalSection(SolutionProperties) = preSolution
		HideSolutionNode = FALSE
	EndGlobalSection
	GlobalSection(ExtensibilityGlobals) = postSolution
		SolutionGuid = {8C850FDF-D977-4A7B-82B2-41A1AE9A1F95}
	EndGlobalSection
EndGlobal
