
Microsoft Visual Studio Solution File, Format Version 12.00
# Visual Studio Version 16
VisualStudioVersion = 16.0.30011.22
MinimumVisualStudioVersion = 10.0.40219.1
Project("{F184B08F-C81C-45F6-A57F-5ABD9991F28F}") = "WindowsAppTest2", "WindowsAppTest2\WindowsAppTest2.vbproj", "{A3A94D04-3D27-43CA-B7E2-447CF3C73070}"
EndProject
Global
	GlobalSection(SolutionConfigurationPlatforms) = preSolution
		Debug|Any CPU = Debug|Any CPU
		Release|Any CPU = Release|Any CPU
	EndGlobalSection
	GlobalSection(ProjectConfigurationPlatforms) = postSolution
		{A3A94D04-3D27-43CA-B7E2-447CF3C73070}.Debug|Any CPU.ActiveCfg = Debug|Any CPU
		{A3A94D04-3D27-43CA-B7E2-447CF3C73070}.Debug|Any CPU.Build.0 = Debug|Any CPU
		{A3A94D04-3D27-43CA-B7E2-447CF3C73070}.Release|Any CPU.ActiveCfg = Release|Any CPU
		{A3A94D04-3D27-43CA-B7E2-447CF3C73070}.Release|Any CPU.Build.0 = Release|Any CPU
	EndGlobalSection
	GlobalSection(SolutionProperties) = preSolution
		HideSolutionNode = FALSE
	EndGlobalSection
	GlobalSection(ExtensibilityGlobals) = postSolution
		SolutionGuid = {BB472843-2188-4D68-91A0-131103011D72}
	EndGlobalSection
EndGlobal
