
Microsoft Visual Studio Solution File, Format Version 12.00
# Visual Studio Version 16
VisualStudioVersion = 16.0.30011.22
MinimumVisualStudioVersion = 10.0.40219.1
Project("{F184B08F-C81C-45F6-A57F-5ABD9991F28F}") = "WindowsTest6", "WindowsTest6\WindowsTest6.vbproj", "{9F05041B-68B4-4732-B500-7E08776AF6AD}"
EndProject
Global
	GlobalSection(SolutionConfigurationPlatforms) = preSolution
		Debug|Any CPU = Debug|Any CPU
		Release|Any CPU = Release|Any CPU
	EndGlobalSection
	GlobalSection(ProjectConfigurationPlatforms) = postSolution
		{9F05041B-68B4-4732-B500-7E08776AF6AD}.Debug|Any CPU.ActiveCfg = Debug|Any CPU
		{9F05041B-68B4-4732-B500-7E08776AF6AD}.Debug|Any CPU.Build.0 = Debug|Any CPU
		{9F05041B-68B4-4732-B500-7E08776AF6AD}.Release|Any CPU.ActiveCfg = Release|Any CPU
		{9F05041B-68B4-4732-B500-7E08776AF6AD}.Release|Any CPU.Build.0 = Release|Any CPU
	EndGlobalSection
	GlobalSection(SolutionProperties) = preSolution
		HideSolutionNode = FALSE
	EndGlobalSection
	GlobalSection(ExtensibilityGlobals) = postSolution
		SolutionGuid = {414F0091-DC0D-4DDE-9E11-26A5499E5556}
	EndGlobalSection
EndGlobal
